
Microsoft Visual Studio Solution File, Format Version 10.00
# Visual Studio 2008
Project("{F14B399A-7131-4C87-9E4B-1186C45EF12D}") = "Reportes", "Reportes.rptproj", "{62D5BC79-CE74-41CD-9C5C-47AD3A211C4E}"
EndProject
Global
	GlobalSection(SolutionConfigurationPlatforms) = preSolution
		Debug|Default = Debug|Default
		DebugLocal|Default = DebugLocal|Default
		Production|Default = Production|Default
	EndGlobalSection
	GlobalSection(ProjectConfigurationPlatforms) = postSolution
		{62D5BC79-CE74-41CD-9C5C-47AD3A211C4E}.Debug|Default.ActiveCfg = Debug
		{62D5BC79-CE74-41CD-9C5C-47AD3A211C4E}.Debug|Default.Build.0 = DebugLocal
		{62D5BC79-CE74-41CD-9C5C-47AD3A211C4E}.Debug|Default.Deploy.0 = DebugLocal
		{62D5BC79-CE74-41CD-9C5C-47AD3A211C4E}.DebugLocal|Default.ActiveCfg = DebugLocal
		{62D5BC79-CE74-41CD-9C5C-47AD3A211C4E}.DebugLocal|Default.Build.0 = DebugLocal
		{62D5BC79-CE74-41CD-9C5C-47AD3A211C4E}.DebugLocal|Default.Deploy.0 = DebugLocal
		{62D5BC79-CE74-41CD-9C5C-47AD3A211C4E}.Production|Default.ActiveCfg = Production
		{62D5BC79-CE74-41CD-9C5C-47AD3A211C4E}.Production|Default.Build.0 = Production
		{62D5BC79-CE74-41CD-9C5C-47AD3A211C4E}.Production|Default.Deploy.0 = Production
	EndGlobalSection
	GlobalSection(SolutionProperties) = preSolution
		HideSolutionNode = FALSE
	EndGlobalSection
EndGlobal
